
Microsoft Visual Studio Solution File, Format Version 12.00
Project("{FAE04EC0-301F-11D3-BF4B-00C04F79EFBC}") = "Challenge01", "Challenge01\Challenge01.csproj", "{FDC88A6F-4659-4049-83A9-2BD987A07765}"
EndProject
Project("{FAE04EC0-301F-11D3-BF4B-00C04F79EFBC}") = "Challenge02", "Challenge02\Challenge02.csproj", "{F08638F0-9DC3-465D-9EBD-EF4D971FE9C7}"
EndProject
Project("{FAE04EC0-301F-11D3-BF4B-00C04F79EFBC}") = "Challenge03", "Challenge03\Challenge03.csproj", "{511762C0-3B6B-4BDF-BDC6-1972B5EEBF1C}"
EndProject
Project("{FAE04EC0-301F-11D3-BF4B-00C04F79EFBC}") = "Challenge04", "Challenge04\Challenge04.csproj", "{80DD3C00-15FC-472C-A02C-A77F63DA1123}"
EndProject
Project("{FAE04EC0-301F-11D3-BF4B-00C04F79EFBC}") = "Challenge05", "Challenge05\Challenge05.csproj", "{2BAF933D-431A-4499-B431-64E0C2BB3E38}"
EndProject
Global
	GlobalSection(SolutionConfigurationPlatforms) = preSolution
		Debug|Any CPU = Debug|Any CPU
		Release|Any CPU = Release|Any CPU
	EndGlobalSection
	GlobalSection(ProjectConfigurationPlatforms) = postSolution
		{FDC88A6F-4659-4049-83A9-2BD987A07765}.Debug|Any CPU.ActiveCfg = Debug|Any CPU
		{FDC88A6F-4659-4049-83A9-2BD987A07765}.Debug|Any CPU.Build.0 = Debug|Any CPU
		{FDC88A6F-4659-4049-83A9-2BD987A07765}.Release|Any CPU.ActiveCfg = Release|Any CPU
		{FDC88A6F-4659-4049-83A9-2BD987A07765}.Release|Any CPU.Build.0 = Release|Any CPU
		{F08638F0-9DC3-465D-9EBD-EF4D971FE9C7}.Debug|Any CPU.ActiveCfg = Debug|Any CPU
		{F08638F0-9DC3-465D-9EBD-EF4D971FE9C7}.Debug|Any CPU.Build.0 = Debug|Any CPU
		{F08638F0-9DC3-465D-9EBD-EF4D971FE9C7}.Release|Any CPU.ActiveCfg = Release|Any CPU
		{F08638F0-9DC3-465D-9EBD-EF4D971FE9C7}.Release|Any CPU.Build.0 = Release|Any CPU
		{511762C0-3B6B-4BDF-BDC6-1972B5EEBF1C}.Debug|Any CPU.ActiveCfg = Debug|Any CPU
		{511762C0-3B6B-4BDF-BDC6-1972B5EEBF1C}.Debug|Any CPU.Build.0 = Debug|Any CPU
		{511762C0-3B6B-4BDF-BDC6-1972B5EEBF1C}.Release|Any CPU.ActiveCfg = Release|Any CPU
		{511762C0-3B6B-4BDF-BDC6-1972B5EEBF1C}.Release|Any CPU.Build.0 = Release|Any CPU
		{80DD3C00-15FC-472C-A02C-A77F63DA1123}.Debug|Any CPU.ActiveCfg = Debug|Any CPU
		{80DD3C00-15FC-472C-A02C-A77F63DA1123}.Debug|Any CPU.Build.0 = Debug|Any CPU
		{80DD3C00-15FC-472C-A02C-A77F63DA1123}.Release|Any CPU.ActiveCfg = Release|Any CPU
		{80DD3C00-15FC-472C-A02C-A77F63DA1123}.Release|Any CPU.Build.0 = Release|Any CPU
		{2BAF933D-431A-4499-B431-64E0C2BB3E38}.Debug|Any CPU.ActiveCfg = Debug|Any CPU
		{2BAF933D-431A-4499-B431-64E0C2BB3E38}.Debug|Any CPU.Build.0 = Debug|Any CPU
		{2BAF933D-431A-4499-B431-64E0C2BB3E38}.Release|Any CPU.ActiveCfg = Release|Any CPU
		{2BAF933D-431A-4499-B431-64E0C2BB3E38}.Release|Any CPU.Build.0 = Release|Any CPU
	EndGlobalSection
EndGlobal
